
Microsoft Visual Studio Solution File, Format Version 12.00
# Visual Studio Version 16
VisualStudioVersion = 16.0.31624.102
MinimumVisualStudioVersion = 10.0.40219.1
Project("{FAE04EC0-301F-11D3-BF4B-00C04F79EFBC}") = "ClassroomDBEFCore", "ClassroomDBEFCore.csproj", "{03181122-546D-4BF1-A8F9-8D11AF79D960}"
EndProject
Global
	GlobalSection(SolutionConfigurationPlatforms) = preSolution
		Debug|Any CPU = Debug|Any CPU
		Release|Any CPU = Release|Any CPU
	EndGlobalSection
	GlobalSection(ProjectConfigurationPlatforms) = postSolution
		{03181122-546D-4BF1-A8F9-8D11AF79D960}.Debug|Any CPU.ActiveCfg = Debug|Any CPU
		{03181122-546D-4BF1-A8F9-8D11AF79D960}.Debug|Any CPU.Build.0 = Debug|Any CPU
		{03181122-546D-4BF1-A8F9-8D11AF79D960}.Release|Any CPU.ActiveCfg = Release|Any CPU
		{03181122-546D-4BF1-A8F9-8D11AF79D960}.Release|Any CPU.Build.0 = Release|Any CPU
	EndGlobalSection
	GlobalSection(SolutionProperties) = preSolution
		HideSolutionNode = FALSE
	EndGlobalSection
	GlobalSection(ExtensibilityGlobals) = postSolution
		SolutionGuid = {DB325DA8-1BDB-457C-85A9-CF7046D44680}
	EndGlobalSection
EndGlobal
